// !$*UTF8*$!
{
	archiveVersion = 1;
	classes = {
	};
	objectVersion = 46;
	objects = {

/* Begin PBXBuildFile section */
		47A73CEE1BABE72100A6DBE8 /* main.m in Sources */ = {isa = PBXBuildFile; fileRef = 47A73CED1BABE72100A6DBE8 /* main.m */; };
		47A73CF11BABE72100A6DBE8 /* AppDelegate.m in Sources */ = {isa = PBXBuildFile; fileRef = 47A73CF01BABE72100A6DBE8 /* AppDelegate.m */; };
		47A73CF41BABE72100A6DBE8 /* ViewController.m in Sources */ = {isa = PBXBuildFile; fileRef = 47A73CF31BABE72100A6DBE8 /* ViewController.m */; };
		47A73CF71BABE72100A6DBE8 /* Main.storyboard in Resources */ = {isa = PBXBuildFile; fileRef = 47A73CF51BABE72100A6DBE8 /* Main.storyboard */; };
		47A73CF91BABE72100A6DBE8 /* Assets.xcassets in Resources */ = {isa = PBXBuildFile; fileRef = 47A73CF81BABE72100A6DBE8 /* Assets.xcassets */; };
		47A73CFC1BABE72100A6DBE8 /* LaunchScreen.storyboard in Resources */ = {isa = PBXBuildFile; fileRef = 47A73CFA1BABE72100A6DBE8 /* LaunchScreen.storyboard */; };
		47A73D071BABE72100A6DBE8 /* SegueTestTests.m in Sources */ = {isa = PBXBuildFile; fileRef = 47A73D061BABE72100A6DBE8 /* SegueTestTests.m */; };
		47A73D121BABE72100A6DBE8 /* SegueTestUITests.m in Sources */ = {isa = PBXBuildFile; fileRef = 47A73D111BABE72100A6DBE8 /* SegueTestUITests.m */; };
		47A73D211BABE7FE00A6DBE8 /* PushedViewController.m in Sources */ = {isa = PBXBuildFile; fileRef = 47A73D201BABE7FE00A6DBE8 /* PushedViewController.m */; settings = {ASSET_TAGS = (); }; };
/* End PBXBuildFile section */

/* Begin PBXContainerItemProxy section */
		47A73D031BABE72100A6DBE8 /* PBXContainerItemProxy */ = {
			isa = PBXContainerItemProxy;
			containerPortal = 47A73CE11BABE72100A6DBE8 /* Project object */;
			proxyType = 1;
			remoteGlobalIDString = 47A73CE81BABE72100A6DBE8;
			remoteInfo = SegueTest;
		};
		47A73D0E1BABE72100A6DBE8 /* PBXContainerItemProxy */ = {
			isa = PBXContainerItemProxy;
			containerPortal = 47A73CE11BABE72100A6DBE8 /* Project object */;
			proxyType = 1;
			remoteGlobalIDString = 47A73CE81BABE72100A6DBE8;
			remoteInfo = SegueTest;
		};
/* End PBXContainerItemProxy section */

/* Begin PBXFileReference section */
		47A73CE91BABE72100A6DBE8 /* SegueTest.app */ = {isa = PBXFileReference; explicitFileType = wrapper.application; includeInIndex = 0; path = SegueTest.app; sourceTree = BUILT_PRODUCTS_DIR; };
		47A73CED1BABE72100A6DBE8 /* main.m */ = {isa = PBXFileReference; lastKnownFileType = sourcecode.c.objc; path = main.m; sourceTree = "<group>"; };
		47A73CEF1BABE72100A6DBE8 /* AppDelegate.h */ = {isa = PBXFileReference; lastKnownFileType = sourcecode.c.h; path = AppDelegate.h; sourceTree = "<group>"; };
		47A73CF01BABE72100A6DBE8 /* AppDelegate.m */ = {isa = PBXFileReference; lastKnownFileType = sourcecode.c.objc; path = AppDelegate.m; sourceTree = "<group>"; };
		47A73CF21BABE72100A6DBE8 /* ViewController.h */ = {isa = PBXFileReference; lastKnownFileType = sourcecode.c.h; path = ViewController.h; sourceTree = "<group>"; };
		47A73CF31BABE72100A6DBE8 /* ViewController.m */ = {isa = PBXFileReference; lastKnownFileType = sourcecode.c.objc; path = ViewController.m; sourceTree = "<group>"; };
		47A73CF61BABE72100A6DBE8 /* Base */ = {isa = PBXFileReference; lastKnownFileType = file.storyboard; name = Base; path = Base.lproj/Main.storyboard; sourceTree = "<group>"; };
		47A73CF81BABE72100A6DBE8 /* Assets.xcassets */ = {isa = PBXFileReference; lastKnownFileType = folder.assetcatalog; path = Assets.xcassets; sourceTree = "<group>"; };
		47A73CFB1BABE72100A6DBE8 /* Base */ = {isa = PBXFileReference; lastKnownFileType = file.storyboard; name = Base; path = Base.lproj/LaunchScreen.storyboard; sourceTree = "<group>"; };
		47A73CFD1BABE72100A6DBE8 /* Info.plist */ = {isa = PBXFileReference; lastKnownFileType = text.plist.xml; path = Info.plist; sourceTree = "<group>"; };
		47A73D021BABE72100A6DBE8 /* SegueTestTests.xctest */ = {isa = PBXFileReference; explicitFileType = wrapper.cfbundle; includeInIndex = 0; path = SegueTestTests.xctest; sourceTree = BUILT_PRODUCTS_DIR; };
		47A73D061BABE72100A6DBE8 /* SegueTestTests.m */ = {isa = PBXFileReference; lastKnownFileType = sourcecode.c.objc; path = SegueTestTests.m; sourceTree = "<group>"; };
		47A73D081BABE72100A6DBE8 /* Info.plist */ = {isa = PBXFileReference; lastKnownFileType = text.plist.xml; path = Info.plist; sourceTree = "<group>"; };
		47A73D0D1BABE72100A6DBE8 /* SegueTestUITests.xctest */ = {isa = PBXFileReference; explicitFileType = wrapper.cfbundle; includeInIndex = 0; path = SegueTestUITests.xctest; sourceTree = BUILT_PRODUCTS_DIR; };
		47A73D111BABE72100A6DBE8 /* SegueTestUITests.m */ = {isa = PBXFileReference; lastKnownFileType = sourcecode.c.objc; path = SegueTestUITests.m; sourceTree = "<group>"; };
		47A73D131BABE72100A6DBE8 /* Info.plist */ = {isa = PBXFileReference; lastKnownFileType = text.plist.xml; path = Info.plist; sourceTree = "<group>"; };
		47A73D1F1BABE7FE00A6DBE8 /* PushedViewController.h */ = {isa = PBXFileReference; fileEncoding = 4; lastKnownFileType = sourcecode.c.h; path = PushedViewController.h; sourceTree = "<group>"; };
		47A73D201BABE7FE00A6DBE8 /* PushedViewController.m */ = {isa = PBXFileReference; fileEncoding = 4; lastKnownFileType = sourcecode.c.objc; path = PushedViewController.m; sourceTree = "<group>"; };
/* End PBXFileReference section */

/* Begin PBXFrameworksBuildPhase section */
		47A73CE61BABE72100A6DBE8 /* Frameworks */ = {
			isa = PBXFrameworksBuildPhase;
			buildActionMask = 2147483647;
			files = (
			);
			runOnlyForDeploymentPostprocessing = 0;
		};
		47A73CFF1BABE72100A6DBE8 /* Frameworks */ = {
			isa = PBXFrameworksBuildPhase;
			buildActionMask = 2147483647;
			files = (
			);
			runOnlyForDeploymentPostprocessing = 0;
		};
		47A73D0A1BABE72100A6DBE8 /* Frameworks */ = {
			isa = PBXFrameworksBuildPhase;
			buildActionMask = 2147483647;
			files = (
			);
			runOnlyForDeploymentPostprocessing = 0;
		};
/* End PBXFrameworksBuildPhase section */

/* Begin PBXGroup section */
		47A73CE01BABE72100A6DBE8 = {
			isa = PBXGroup;
			children = (
				47A73CEB1BABE72100A6DBE8 /* SegueTest */,
				47A73D051BABE72100A6DBE8 /* SegueTestTests */,
				47A73D101BABE72100A6DBE8 /* SegueTestUITests */,
				47A73CEA1BABE72100A6DBE8 /* Products */,
			);
			sourceTree = "<group>";
		};
		47A73CEA1BABE72100A6DBE8 /* Products */ = {
			isa = PBXGroup;
			children = (
				47A73CE91BABE72100A6DBE8 /* SegueTest.app */,
				47A73D021BABE72100A6DBE8 /* SegueTestTests.xctest */,
				47A73D0D1BABE72100A6DBE8 /* SegueTestUITests.xctest */,
			);
			name = Products;
			sourceTree = "<group>";
		};
		47A73CEB1BABE72100A6DBE8 /* SegueTest */ = {
			isa = PBXGroup;
			children = (
				47A73CEF1BABE72100A6DBE8 /* AppDelegate.h */,
				47A73CF01BABE72100A6DBE8 /* AppDelegate.m */,
				47A73CF21BABE72100A6DBE8 /* ViewController.h */,
				47A73CF31BABE72100A6DBE8 /* ViewController.m */,
				47A73CF51BABE72100A6DBE8 /* Main.storyboard */,
				47A73CF81BABE72100A6DBE8 /* Assets.xcassets */,
				47A73CFA1BABE72100A6DBE8 /* LaunchScreen.storyboard */,
				47A73CFD1BABE72100A6DBE8 /* Info.plist */,
				47A73CEC1BABE72100A6DBE8 /* Supporting Files */,
				47A73D1F1BABE7FE00A6DBE8 /* PushedViewController.h */,
				47A73D201BABE7FE00A6DBE8 /* PushedViewController.m */,
			);
			path = SegueTest;
			sourceTree = "<group>";
		};
		47A73CEC1BABE72100A6DBE8 /* Supporting Files */ = {
			isa = PBXGroup;
			children = (
				47A73CED1BABE72100A6DBE8 /* main.m */,
			);
			name = "Supporting Files";
			sourceTree = "<group>";
		};
		47A73D051BABE72100A6DBE8 /* SegueTestTests */ = {
			isa = PBXGroup;
			children = (
				47A73D061BABE72100A6DBE8 /* SegueTestTests.m */,
				47A73D081BABE72100A6DBE8 /* Info.plist */,
			);
			path = SegueTestTests;
			sourceTree = "<group>";
		};
		47A73D101BABE72100A6DBE8 /* SegueTestUITests */ = {
			isa = PBXGroup;
			children = (
				47A73D111BABE72100A6DBE8 /* SegueTestUITests.m */,
				47A73D131BABE72100A6DBE8 /* Info.plist */,
			);
			path = SegueTestUITests;
			sourceTree = "<group>";
		};
/* End PBXGroup section */

/* Begin PBXNativeTarget section */
		47A73CE81BABE72100A6DBE8 /* SegueTest */ = {
			isa = PBXNativeTarget;
			buildConfigurationList = 47A73D161BABE72100A6DBE8 /* Build configuration list for PBXNativeTarget "SegueTest" */;
			buildPhases = (
				47A73CE51BABE72100A6DBE8 /* Sources */,
				47A73CE61BABE72100A6DBE8 /* Frameworks */,
				47A73CE71BABE72100A6DBE8 /* Resources */,
			);
			buildRules = (
			);
			dependencies = (
			);
			name = SegueTest;
			productName = SegueTest;
			productReference = 47A73CE91BABE72100A6DBE8 /* SegueTest.app */;
			productType = "com.apple.product-type.application";
		};
		47A73D011BABE72100A6DBE8 /* SegueTestTests */ = {
			isa = PBXNativeTarget;
			buildConfigurationList = 47A73D191BABE72100A6DBE8 /* Build configuration list for PBXNativeTarget "SegueTestTests" */;
			buildPhases = (
				47A73CFE1BABE72100A6DBE8 /* Sources */,
				47A73CFF1BABE72100A6DBE8 /* Frameworks */,
				47A73D001BABE72100A6DBE8 /* Resources */,
			);
			buildRules = (
			);
			dependencies = (
				47A73D041BABE72100A6DBE8 /* PBXTargetDependency */,
			);
			name = SegueTestTests;
			productName = SegueTestTests;
			productReference = 47A73D021BABE72100A6DBE8 /* SegueTestTests.xctest */;
			productType = "com.apple.product-type.bundle.unit-test";
		};
		47A73D0C1BABE72100A6DBE8 /* SegueTestUITests */ = {
			isa = PBXNativeTarget;
			buildConfigurationList = 47A73D1C1BABE72100A6DBE8 /* Build configuration list for PBXNativeTarget "SegueTestUITests" */;
			buildPhases = (
				47A73D091BABE72100A6DBE8 /* Sources */,
				47A73D0A1BABE72100A6DBE8 /* Frameworks */,
				47A73D0B1BABE72100A6DBE8 /* Resources */,
			);
			buildRules = (
			);
			dependencies = (
				47A73D0F1BABE72100A6DBE8 /* PBXTargetDependency */,
			);
			name = SegueTestUITests;
			productName = SegueTestUITests;
			productReference = 47A73D0D1BABE72100A6DBE8 /* SegueTestUITests.xctest */;
			productType = "com.apple.product-type.bundle.ui-testing";
		};
/* End PBXNativeTarget section */

/* Begin PBXProject section */
		47A73CE11BABE72100A6DBE8 /* Project object */ = {
			isa = PBXProject;
			attributes = {
				LastUpgradeCheck = 0700;
				ORGANIZATIONNAME = "Illion IT Group";
				TargetAttributes = {
					47A73CE81BABE72100A6DBE8 = {
						CreatedOnToolsVersion = 7.0;
					};
					47A73D011BABE72100A6DBE8 = {
						CreatedOnToolsVersion = 7.0;
						TestTargetID = 47A73CE81BABE72100A6DBE8;
					};
					47A73D0C1BABE72100A6DBE8 = {
						CreatedOnToolsVersion = 7.0;
						TestTargetID = 47A73CE81BABE72100A6DBE8;
					};
				};
			};
			buildConfigurationList = 47A73CE41BABE72100A6DBE8 /* Build configuration list for PBXProject "SegueTest" */;
			compatibilityVersion = "Xcode 3.2";
			developmentRegion = English;
			hasScannedForEncodings = 0;
			knownRegions = (
				en,
				Base,
			);
			mainGroup = 47A73CE01BABE72100A6DBE8;
			productRefGroup = 47A73CEA1BABE72100A6DBE8 /* Products */;
			projectDirPath = "";
			projectRoot = "";
			targets = (
				47A73CE81BABE72100A6DBE8 /* SegueTest */,
				47A73D011BABE72100A6DBE8 /* SegueTestTests */,
				47A73D0C1BABE72100A6DBE8 /* SegueTestUITests */,
			);
		};
/* End PBXProject section */

/* Begin PBXResourcesBuildPhase section */
		47A73CE71BABE72100A6DBE8 /* Resources */ = {
			isa = PBXResourcesBuildPhase;
			buildActionMask = 2147483647;
			files = (
				47A73CFC1BABE72100A6DBE8 /* LaunchScreen.storyboard in Resources */,
				47A73CF91BABE72100A6DBE8 /* Assets.xcassets in Resources */,
				47A73CF71BABE72100A6DBE8 /* Main.storyboard in Resources */,
			);
			runOnlyForDeploymentPostprocessing = 0;
		};
		47A73D001BABE72100A6DBE8 /* Resources */ = {
			isa = PBXResourcesBuildPhase;
			buildActionMask = 2147483647;
			files = (
			);
			runOnlyForDeploymentPostprocessing = 0;
		};
		47A73D0B1BABE72100A6DBE8 /* Resources */ = {
			isa = PBXResourcesBuildPhase;
			buildActionMask = 2147483647;
			files = (
			);
			runOnlyForDeploymentPostprocessing = 0;
		};
/* End PBXResourcesBuildPhase section */

/* Begin PBXSourcesBuildPhase section */
		47A73CE51BABE72100A6DBE8 /* Sources */ = {
			isa = PBXSourcesBuildPhase;
			buildActionMask = 2147483647;
			files = (
				47A73CF41BABE72100A6DBE8 /* ViewController.m in Sources */,
				47A73D211BABE7FE00A6DBE8 /* PushedViewController.m in Sources */,
				47A73CF11BABE72100A6DBE8 /* AppDelegate.m in Sources */,
				47A73CEE1BABE72100A6DBE8 /* main.m in Sources */,
			);
			runOnlyForDeploymentPostprocessing = 0;
		};
		47A73CFE1BABE72100A6DBE8 /* Sources */ = {
			isa = PBXSourcesBuildPhase;
			buildActionMask = 2147483647;
			files = (
				47A73D071BABE72100A6DBE8 /* SegueTestTests.m in Sources */,
			);
			runOnlyForDeploymentPostprocessing = 0;
		};
		47A73D091BABE72100A6DBE8 /* Sources */ = {
			isa = PBXSourcesBuildPhase;
			buildActionMask = 2147483647;
			files = (
				47A73D121BABE72100A6DBE8 /* SegueTestUITests.m in Sources */,
			);
			runOnlyForDeploymentPostprocessing = 0;
		};
/* End PBXSourcesBuildPhase section */

/* Begin PBXTargetDependency section */
		47A73D041BABE72100A6DBE8 /* PBXTargetDependency */ = {
			isa = PBXTargetDependency;
			target = 47A73CE81BABE72100A6DBE8 /* SegueTest */;
			targetProxy = 47A73D031BABE72100A6DBE8 /* PBXContainerItemProxy */;
		};
		47A73D0F1BABE72100A6DBE8 /* PBXTargetDependency */ = {
			isa = PBXTargetDependency;
			target = 47A73CE81BABE72100A6DBE8 /* SegueTest */;
			targetProxy = 47A73D0E1BABE72100A6DBE8 /* PBXContainerItemProxy */;
		};
/* End PBXTargetDependency section */

/* Begin PBXVariantGroup section */
		47A73CF51BABE72100A6DBE8 /* Main.storyboard */ = {
			isa = PBXVariantGroup;
			children = (
				47A73CF61BABE72100A6DBE8 /* Base */,
			);
			name = Main.storyboard;
			sourceTree = "<group>";
		};
		47A73CFA1BABE72100A6DBE8 /* LaunchScreen.storyboard */ = {
			isa = PBXVariantGroup;
			children = (
				47A73CFB1BABE72100A6DBE8 /* Base */,
			);
			name = LaunchScreen.storyboard;
			sourceTree = "<group>";
		};
/* End PBXVariantGroup section */

/* Begin XCBuildConfiguration section */
		47A73D141BABE72100A6DBE8 /* Debug */ = {
			isa = XCBuildConfiguration;
			buildSettings = {
				ALWAYS_SEARCH_USER_PATHS = NO;
				CLANG_CXX_LANGUAGE_STANDARD = "gnu++0x";
				CLANG_CXX_LIBRARY = "libc++";
				CLANG_ENABLE_MODULES = YES;
				CLANG_ENABLE_OBJC_ARC = YES;
				CLANG_WARN_BOOL_CONVERSION = YES;
				CLANG_WARN_CONSTANT_CONVERSION = YES;
				CLANG_WARN_DIRECT_OBJC_ISA_USAGE = YES_ERROR;
				CLANG_WARN_EMPTY_BODY = YES;
				CLANG_WARN_ENUM_CONVERSION = YES;
				CLANG_WARN_INT_CONVERSION = YES;
				CLANG_WARN_OBJC_ROOT_CLASS = YES_ERROR;
				CLANG_WARN_UNREACHABLE_CODE = YES;
				CLANG_WARN__DUPLICATE_METHOD_MATCH = YES;
				"CODE_SIGN_IDENTITY[sdk=iphoneos*]" = "iPhone Developer";
				COPY_PHASE_STRIP = NO;
				DEBUG_INFORMATION_FORMAT = dwarf;
				ENABLE_STRICT_OBJC_MSGSEND = YES;
				ENABLE_TESTABILITY = YES;
				GCC_C_LANGUAGE_STANDARD = gnu99;
				GCC_DYNAMIC_NO_PIC = NO;
				GCC_NO_COMMON_BLOCKS = YES;
				GCC_OPTIMIZATION_LEVEL = 0;
				GCC_PREPROCESSOR_DEFINITIONS = (
					"DEBUG=1",
					"$(inherited)",
				);
				GCC_WARN_64_TO_32_BIT_CONVERSION = YES;
				GCC_WARN_ABOUT_RETURN_TYPE = YES_ERROR;
				GCC_WARN_UNDECLARED_SELECTOR = YES;
				GCC_WARN_UNINITIALIZED_AUTOS = YES_AGGRESSIVE;
				GCC_WARN_UNUSED_FUNCTION = YES;
				GCC_WARN_UNUSED_VARIABLE = YES;
				IPHONEOS_DEPLOYMENT_TARGET = 9.0;
				MTL_ENABLE_DEBUG_INFO = YES;
				ONLY_ACTIVE_ARCH = YES;
				SDKROOT = iphoneos;
			};
			name = Debug;
		};
		47A73D151BABE72100A6DBE8 /* Release */ = {
			isa = XCBuildConfiguration;
			buildSettings = {
				ALWAYS_SEARCH_USER_PATHS = NO;
				CLANG_CXX_LANGUAGE_STANDARD = "gnu++0x";
				CLANG_CXX_LIBRARY = "libc++";
				CLANG_ENABLE_MODULES = YES;
				CLANG_ENABLE_OBJC_ARC = YES;
				CLANG_WARN_BOOL_CONVERSION = YES;
				CLANG_WARN_CONSTANT_CONVERSION = YES;
				CLANG_WARN_DIRECT_OBJC_ISA_USAGE = YES_ERROR;
				CLANG_WARN_EMPTY_BODY = YES;
				CLANG_WARN_ENUM_CONVERSION = YES;
				CLANG_WARN_INT_CONVERSION = YES;
				CLANG_WARN_OBJC_ROOT_CLASS = YES_ERROR;
				CLANG_WARN_UNREACHABLE_CODE = YES;
				CLANG_WARN__DUPLICATE_METHOD_MATCH = YES;
				"CODE_SIGN_IDENTITY[sdk=iphoneos*]" = "iPhone Developer";
				COPY_PHASE_STRIP = NO;
				DEBUG_INFORMATION_FORMAT = "dwarf-with-dsym";
				ENABLE_NS_ASSERTIONS = NO;
				ENABLE_STRICT_OBJC_MSGSEND = YES;
				GCC_C_LANGUAGE_STANDARD = gnu99;
				GCC_NO_COMMON_BLOCKS = YES;
				GCC_WARN_64_TO_32_BIT_CONVERSION = YES;
				GCC_WARN_ABOUT_RETURN_TYPE = YES_ERROR;
				GCC_WARN_UNDECLARED_SELECTOR = YES;
				GCC_WARN_UNINITIALIZED_AUTOS = YES_AGGRESSIVE;
				GCC_WARN_UNUSED_FUNCTION = YES;
				GCC_WARN_UNUSED_VARIABLE = YES;
				IPHONEOS_DEPLOYMENT_TARGET = 9.0;
				MTL_ENABLE_DEBUG_INFO = NO;
				SDKROOT = iphoneos;
				VALIDATE_PRODUCT = YES;
			};
			name = Release;
		};
		47A73D171BABE72100A6DBE8 /* Debug */ = {
			isa = XCBuildConfiguration;
			buildSettings = {
				ASSETCATALOG_COMPILER_APPICON_NAME = AppIcon;
				INFOPLIST_FILE = SegueTest/Info.plist;
				LD_RUNPATH_SEARCH_PATHS = "$(inherited) @executable_path/Frameworks";
				PRODUCT_BUNDLE_IDENTIFIER = hu.illion.SegueTest;
				PRODUCT_NAME = "$(TARGET_NAME)";
			};
			name = Debug;
		};
		47A73D181BABE72100A6DBE8 /* Release */ = {
			isa = XCBuildConfiguration;
			buildSettings = {
				ASSETCATALOG_COMPILER_APPICON_NAME = AppIcon;
				INFOPLIST_FILE = SegueTest/Info.plist;
				LD_RUNPATH_SEARCH_PATHS = "$(inherited) @executable_path/Frameworks";
				PRODUCT_BUNDLE_IDENTIFIER = hu.illion.SegueTest;
				PRODUCT_NAME = "$(TARGET_NAME)";
			};
			name = Release;
		};
		47A73D1A1BABE72100A6DBE8 /* Debug */ = {
			isa = XCBuildConfiguration;
			buildSettings = {
				BUNDLE_LOADER = "$(TEST_HOST)";
				INFOPLIST_FILE = SegueTestTests/Info.plist;
				LD_RUNPATH_SEARCH_PATHS = "$(inherited) @executable_path/Frameworks @loader_path/Frameworks";
				PRODUCT_BUNDLE_IDENTIFIER = hu.illion.SegueTestTests;
				PRODUCT_NAME = "$(TARGET_NAME)";
				TEST_HOST = "$(BUILT_PRODUCTS_DIR)/SegueTest.app/SegueTest";
			};
			name = Debug;
		};
		47A73D1B1BABE72100A6DBE8 /* Release */ = {
			isa = XCBuildConfiguration;
			buildSettings = {
				BUNDLE_LOADER = "$(TEST_HOST)";
				INFOPLIST_FILE = SegueTestTests/Info.plist;
				LD_RUNPATH_SEARCH_PATHS = "$(inherited) @executable_path/Frameworks @loader_path/Frameworks";
				PRODUCT_BUNDLE_IDENTIFIER = hu.illion.SegueTestTests;
				PRODUCT_NAME = "$(TARGET_NAME)";
				TEST_HOST = "$(BUILT_PRODUCTS_DIR)/SegueTest.app/SegueTest";
			};
			name = Release;
		};
		47A73D1D1BABE72100A6DBE8 /* Debug */ = {
			isa = XCBuildConfiguration;
			buildSettings = {
				INFOPLIST_FILE = SegueTestUITests/Info.plist;
				LD_RUNPATH_SEARCH_PATHS = "$(inherited) @executable_path/Frameworks @loader_path/Frameworks";
				PRODUCT_BUNDLE_IDENTIFIER = hu.illion.SegueTestUITests;
				PRODUCT_NAME = "$(TARGET_NAME)";
				TEST_TARGET_NAME = SegueTest;
				USES_XCTRUNNER = YES;
			};
			name = Debug;
		};
		47A73D1E1BABE72100A6DBE8 /* Release */ = {
			isa = XCBuildConfiguration;
			buildSettings = {
				INFOPLIST_FILE = SegueTestUITests/Info.plist;
				LD_RUNPATH_SEARCH_PATHS = "$(inherited) @executable_path/Frameworks @loader_path/Frameworks";
				PRODUCT_BUNDLE_IDENTIFIER = hu.illion.SegueTestUITests;
				PRODUCT_NAME = "$(TARGET_NAME)";
				TEST_TARGET_NAME = SegueTest;
				USES_XCTRUNNER = YES;
			};
			name = Release;
		};
/* End XCBuildConfiguration section */

/* Begin XCConfigurationList section */
		47A73CE41BABE72100A6DBE8 /* Build configuration list for PBXProject "SegueTest" */ = {
			isa = XCConfigurationList;
			buildConfigurations = (
				47A73D141BABE72100A6DBE8 /* Debug */,
				47A73D151BABE72100A6DBE8 /* Release */,
			);
			defaultConfigurationIsVisible = 0;
			defaultConfigurationName = Release;
		};
		47A73D161BABE72100A6DBE8 /* Build configuration list for PBXNativeTarget "SegueTest" */ = {
			isa = XCConfigurationList;
			buildConfigurations = (
				47A73D171BABE72100A6DBE8 /* Debug */,
				47A73D181BABE72100A6DBE8 /* Release */,
			);
			defaultConfigurationIsVisible = 0;
		};
		47A73D191BABE72100A6DBE8 /* Build configuration list for PBXNativeTarget "SegueTestTests" */ = {
			isa = XCConfigurationList;
			buildConfigurations = (
				47A73D1A1BABE72100A6DBE8 /* Debug */,
				47A73D1B1BABE72100A6DBE8 /* Release */,
			);
			defaultConfigurationIsVisible = 0;
		};
		47A73D1C1BABE72100A6DBE8 /* Build configuration list for PBXNativeTarget "SegueTestUITests" */ = {
			isa = XCConfigurationList;
			buildConfigurations = (
				47A73D1D1BABE72100A6DBE8 /* Debug */,
				47A73D1E1BABE72100A6DBE8 /* Release */,
			);
			defaultConfigurationIsVisible = 0;
		};
/* End XCConfigurationList section */
	};
	rootObject = 47A73CE11BABE72100A6DBE8 /* Project object */;
}
